
Microsoft Visual Studio Solution File, Format Version 12.00
# Visual Studio Version 17
VisualStudioVersion = 17.7.34031.279
MinimumVisualStudioVersion = 10.0.40219.1
Project("{FAE04EC0-301F-11D3-BF4B-00C04F79EFBC}") = "3KLSC-VICCALDERON-PRACT06-C SHARP", "3KLSC-VICCALDERON-PRACT06-C SHARP\3KLSC-VICCALDERON-PRACT06-C SHARP.csproj", "{BBF9C7C4-A549-4B36-807B-CEB67AD7E2D2}"
EndProject
Global
	GlobalSection(SolutionConfigurationPlatforms) = preSolution
		Debug|Any CPU = Debug|Any CPU
		Release|Any CPU = Release|Any CPU
	EndGlobalSection
	GlobalSection(ProjectConfigurationPlatforms) = postSolution
		{BBF9C7C4-A549-4B36-807B-CEB67AD7E2D2}.Debug|Any CPU.ActiveCfg = Debug|Any CPU
		{BBF9C7C4-A549-4B36-807B-CEB67AD7E2D2}.Debug|Any CPU.Build.0 = Debug|Any CPU
		{BBF9C7C4-A549-4B36-807B-CEB67AD7E2D2}.Release|Any CPU.ActiveCfg = Release|Any CPU
		{BBF9C7C4-A549-4B36-807B-CEB67AD7E2D2}.Release|Any CPU.Build.0 = Release|Any CPU
	EndGlobalSection
	GlobalSection(SolutionProperties) = preSolution
		HideSolutionNode = FALSE
	EndGlobalSection
	GlobalSection(ExtensibilityGlobals) = postSolution
		SolutionGuid = {F021E7F8-0166-40B2-A7B5-E87628CEB05B}
	EndGlobalSection
EndGlobal
